
Microsoft Visual Studio Solution File, Format Version 12.00
# Visual Studio Version 16
VisualStudioVersion = 16.0.30011.22
MinimumVisualStudioVersion = 10.0.40219.1
Project("{FAE04EC0-301F-11D3-BF4B-00C04F79EFBC}") = "Staemme", "Staemme.csproj", "{ECC9390A-DEC9-4C27-8E5E-926EAABB1799}"
EndProject
Global
	GlobalSection(SolutionConfigurationPlatforms) = preSolution
		Debug|Any CPU = Debug|Any CPU
		Release|Any CPU = Release|Any CPU
	EndGlobalSection
	GlobalSection(ProjectConfigurationPlatforms) = postSolution
		{ECC9390A-DEC9-4C27-8E5E-926EAABB1799}.Debug|Any CPU.ActiveCfg = Debug|Any CPU
		{ECC9390A-DEC9-4C27-8E5E-926EAABB1799}.Debug|Any CPU.Build.0 = Debug|Any CPU
		{ECC9390A-DEC9-4C27-8E5E-926EAABB1799}.Release|Any CPU.ActiveCfg = Release|Any CPU
		{ECC9390A-DEC9-4C27-8E5E-926EAABB1799}.Release|Any CPU.Build.0 = Release|Any CPU
	EndGlobalSection
	GlobalSection(SolutionProperties) = preSolution
		HideSolutionNode = FALSE
	EndGlobalSection
	GlobalSection(ExtensibilityGlobals) = postSolution
		SolutionGuid = {1E82FC2D-FECC-41C5-AE1B-279AA6200316}
	EndGlobalSection
EndGlobal
